// !$*UTF8*$!
{
	archiveVersion = 1;
	classes = {
	};
	objectVersion = 46;
	objects = {

/* Begin PBXBuildFile section */
		06056E671ED8265200DFCF79 /* main.m in Sources */ = {isa = PBXBuildFile; fileRef = 06056E661ED8265200DFCF79 /* main.m */; };
		06056E6A1ED8265200DFCF79 /* AppDelegate.m in Sources */ = {isa = PBXBuildFile; fileRef = 06056E691ED8265200DFCF79 /* AppDelegate.m */; };
		06056E701ED8265200DFCF79 /* Main.storyboard in Resources */ = {isa = PBXBuildFile; fileRef = 06056E6E1ED8265200DFCF79 /* Main.storyboard */; };
		06056E751ED8265200DFCF79 /* LaunchScreen.storyboard in Resources */ = {isa = PBXBuildFile; fileRef = 06056E731ED8265200DFCF79 /* LaunchScreen.storyboard */; };
		06056E7D1ED8298B00DFCF79 /* TestImage@2x.png in Resources */ = {isa = PBXBuildFile; fileRef = 06056E7C1ED8298B00DFCF79 /* TestImage@2x.png */; };
		06056E7E1ED829F400DFCF79 /* Assets.xcassets in Resources */ = {isa = PBXBuildFile; fileRef = 06056E711ED8265200DFCF79 /* Assets.xcassets */; };
		0617A9871ED9B204007ECB92 /* theme_default.plist in Resources */ = {isa = PBXBuildFile; fileRef = 0617A9861ED9B204007ECB92 /* theme_default.plist */; };
		0617A98D1ED9B819007ECB92 /* NextViewController.m in Sources */ = {isa = PBXBuildFile; fileRef = 0617A98C1ED9B819007ECB92 /* NextViewController.m */; };
		0617A98F1ED9B85C007ECB92 /* Some.storyboard in Resources */ = {isa = PBXBuildFile; fileRef = 0617A98E1ED9B85C007ECB92 /* Some.storyboard */; };
		0617A9921ED9B87D007ECB92 /* SomeViewController.m in Sources */ = {isa = PBXBuildFile; fileRef = 0617A9911ED9B87D007ECB92 /* SomeViewController.m */; };
		0649BF081ED8742A00A0EF93 /* R.m in Sources */ = {isa = PBXBuildFile; fileRef = 0649BF071ED8742A00A0EF93 /* R.m */; };
		0649BF0B1ED87EC800A0EF93 /* ViewController.m in Sources */ = {isa = PBXBuildFile; fileRef = 0649BF0A1ED87EC800A0EF93 /* ViewController.m */; };
		0649BF111ED87FE800A0EF93 /* Localizable.strings in Resources */ = {isa = PBXBuildFile; fileRef = 0649BF101ED87FE800A0EF93 /* Localizable.strings */; };
		0649BF121ED8851D00A0EF93 /* Localizable.strings in Resources */ = {isa = PBXBuildFile; fileRef = 0649BF141ED8851D00A0EF93 /* Localizable.strings */; };
/* End PBXBuildFile section */

/* Begin PBXFileReference section */
		06056E621ED8265200DFCF79 /* ResourceObjCTest.app */ = {isa = PBXFileReference; explicitFileType = wrapper.application; includeInIndex = 0; path = ResourceObjCTest.app; sourceTree = BUILT_PRODUCTS_DIR; };
		06056E661ED8265200DFCF79 /* main.m */ = {isa = PBXFileReference; lastKnownFileType = sourcecode.c.objc; path = main.m; sourceTree = "<group>"; };
		06056E681ED8265200DFCF79 /* AppDelegate.h */ = {isa = PBXFileReference; lastKnownFileType = sourcecode.c.h; path = AppDelegate.h; sourceTree = "<group>"; };
		06056E691ED8265200DFCF79 /* AppDelegate.m */ = {isa = PBXFileReference; lastKnownFileType = sourcecode.c.objc; path = AppDelegate.m; sourceTree = "<group>"; };
		06056E6F1ED8265200DFCF79 /* Base */ = {isa = PBXFileReference; lastKnownFileType = file.storyboard; name = Base; path = Base.lproj/Main.storyboard; sourceTree = "<group>"; };
		06056E711ED8265200DFCF79 /* Assets.xcassets */ = {isa = PBXFileReference; lastKnownFileType = folder.assetcatalog; path = Assets.xcassets; sourceTree = "<group>"; };
		06056E741ED8265200DFCF79 /* Base */ = {isa = PBXFileReference; lastKnownFileType = file.storyboard; name = Base; path = Base.lproj/LaunchScreen.storyboard; sourceTree = "<group>"; };
		06056E761ED8265200DFCF79 /* Info.plist */ = {isa = PBXFileReference; lastKnownFileType = text.plist.xml; path = Info.plist; sourceTree = "<group>"; };
		06056E7C1ED8298B00DFCF79 /* TestImage@2x.png */ = {isa = PBXFileReference; lastKnownFileType = image.png; name = "TestImage@2x.png"; path = "Assets.xcassets/TestImage.imageset/TestImage@2x.png"; sourceTree = "<group>"; };
		0617A9861ED9B204007ECB92 /* theme_default.plist */ = {isa = PBXFileReference; fileEncoding = 4; lastKnownFileType = text.plist.xml; path = theme_default.plist; sourceTree = "<group>"; };
		0617A98B1ED9B819007ECB92 /* NextViewController.h */ = {isa = PBXFileReference; fileEncoding = 4; lastKnownFileType = sourcecode.c.h; path = NextViewController.h; sourceTree = "<group>"; };
		0617A98C1ED9B819007ECB92 /* NextViewController.m */ = {isa = PBXFileReference; fileEncoding = 4; lastKnownFileType = sourcecode.c.objc; path = NextViewController.m; sourceTree = "<group>"; };
		0617A98E1ED9B85C007ECB92 /* Some.storyboard */ = {isa = PBXFileReference; fileEncoding = 4; lastKnownFileType = file.storyboard; path = Some.storyboard; sourceTree = "<group>"; };
		0617A9901ED9B87D007ECB92 /* SomeViewController.h */ = {isa = PBXFileReference; fileEncoding = 4; lastKnownFileType = sourcecode.c.h; path = SomeViewController.h; sourceTree = "<group>"; };
		0617A9911ED9B87D007ECB92 /* SomeViewController.m */ = {isa = PBXFileReference; fileEncoding = 4; lastKnownFileType = sourcecode.c.objc; path = SomeViewController.m; sourceTree = "<group>"; };
		0649BF061ED8742A00A0EF93 /* R.h */ = {isa = PBXFileReference; fileEncoding = 4; lastKnownFileType = sourcecode.c.h; path = R.h; sourceTree = "<group>"; };
		0649BF071ED8742A00A0EF93 /* R.m */ = {isa = PBXFileReference; fileEncoding = 4; lastKnownFileType = sourcecode.c.objc; path = R.m; sourceTree = "<group>"; };
		0649BF091ED87EC800A0EF93 /* ViewController.h */ = {isa = PBXFileReference; fileEncoding = 4; lastKnownFileType = sourcecode.c.h; name = ViewController.h; path = ../../../R.objc/ResourceObjCTest/ResourceObjCTest/ViewController.h; sourceTree = "<group>"; };
		0649BF0A1ED87EC800A0EF93 /* ViewController.m */ = {isa = PBXFileReference; fileEncoding = 4; lastKnownFileType = sourcecode.c.objc; name = ViewController.m; path = ../../../R.objc/ResourceObjCTest/ResourceObjCTest/ViewController.m; sourceTree = "<group>"; };
		0649BF101ED87FE800A0EF93 /* Localizable.strings */ = {isa = PBXFileReference; fileEncoding = 4; lastKnownFileType = text.plist.strings; path = Localizable.strings; sourceTree = "<group>"; };
		0649BF131ED8851D00A0EF93 /* Base */ = {isa = PBXFileReference; lastKnownFileType = text.plist.strings; name = Base; path = Base.lproj/Localizable.strings; sourceTree = "<group>"; };
		0649BF151ED8852000A0EF93 /* en */ = {isa = PBXFileReference; lastKnownFileType = text.plist.strings; name = en; path = en.lproj/Localizable.strings; sourceTree = "<group>"; };
/* End PBXFileReference section */

/* Begin PBXFrameworksBuildPhase section */
		06056E5F1ED8265200DFCF79 /* Frameworks */ = {
			isa = PBXFrameworksBuildPhase;
			buildActionMask = 2147483647;
			files = (
			);
			runOnlyForDeploymentPostprocessing = 0;
		};
/* End PBXFrameworksBuildPhase section */

/* Begin PBXGroup section */
		06056E591ED8265200DFCF79 = {
			isa = PBXGroup;
			children = (
				06056E641ED8265200DFCF79 /* ResourceObjCTest */,
				06056E631ED8265200DFCF79 /* Products */,
			);
			sourceTree = "<group>";
		};
		06056E631ED8265200DFCF79 /* Products */ = {
			isa = PBXGroup;
			children = (
				06056E621ED8265200DFCF79 /* ResourceObjCTest.app */,
			);
			name = Products;
			sourceTree = "<group>";
		};
		06056E641ED8265200DFCF79 /* ResourceObjCTest */ = {
			isa = PBXGroup;
			children = (
				06056E681ED8265200DFCF79 /* AppDelegate.h */,
				06056E691ED8265200DFCF79 /* AppDelegate.m */,
				0649BF091ED87EC800A0EF93 /* ViewController.h */,
				0649BF0A1ED87EC800A0EF93 /* ViewController.m */,
				0617A98B1ED9B819007ECB92 /* NextViewController.h */,
				0617A98C1ED9B819007ECB92 /* NextViewController.m */,
				0617A9901ED9B87D007ECB92 /* SomeViewController.h */,
				0617A9911ED9B87D007ECB92 /* SomeViewController.m */,
				06056E6E1ED8265200DFCF79 /* Main.storyboard */,
				0617A98E1ED9B85C007ECB92 /* Some.storyboard */,
				06056E711ED8265200DFCF79 /* Assets.xcassets */,
				06056E731ED8265200DFCF79 /* LaunchScreen.storyboard */,
				06056E7C1ED8298B00DFCF79 /* TestImage@2x.png */,
				06056E761ED8265200DFCF79 /* Info.plist */,
				06056E651ED8265200DFCF79 /* Supporting Files */,
			);
			path = ResourceObjCTest;
			sourceTree = "<group>";
		};
		06056E651ED8265200DFCF79 /* Supporting Files */ = {
			isa = PBXGroup;
			children = (
				0649BF061ED8742A00A0EF93 /* R.h */,
				0649BF071ED8742A00A0EF93 /* R.m */,
				06056E661ED8265200DFCF79 /* main.m */,
				0617A9861ED9B204007ECB92 /* theme_default.plist */,
				0649BF0C1ED87FC000A0EF93 /* Strings1 */,
				0649BF0D1ED87FC000A0EF93 /* Strings2 */,
			);
			name = "Supporting Files";
			sourceTree = "<group>";
		};
		0649BF0C1ED87FC000A0EF93 /* Strings1 */ = {
			isa = PBXGroup;
			children = (
				0649BF141ED8851D00A0EF93 /* Localizable.strings */,
			);
			name = Strings1;
			path = ../../../R.objc/ResourceObjCTest/ResourceObjCTest/Strings1;
			sourceTree = "<group>";
		};
		0649BF0D1ED87FC000A0EF93 /* Strings2 */ = {
			isa = PBXGroup;
			children = (
				0649BF101ED87FE800A0EF93 /* Localizable.strings */,
			);
			name = Strings2;
			path = ../../../R.objc/ResourceObjCTest/ResourceObjCTest/Strings2;
			sourceTree = "<group>";
		};
/* End PBXGroup section */

/* Begin PBXNativeTarget section */
		06056E611ED8265200DFCF79 /* ResourceObjCTest */ = {
			isa = PBXNativeTarget;
			buildConfigurationList = 06056E791ED8265200DFCF79 /* Build configuration list for PBXNativeTarget "ResourceObjCTest" */;
			buildPhases = (
				06056E5E1ED8265200DFCF79 /* Sources */,
				06056E5F1ED8265200DFCF79 /* Frameworks */,
				06056E601ED8265200DFCF79 /* Resources */,
			);
			buildRules = (
			);
			dependencies = (
			);
			name = ResourceObjCTest;
			productName = ResourceObjCTest;
			productReference = 06056E621ED8265200DFCF79 /* ResourceObjCTest.app */;
			productType = "com.apple.product-type.application";
		};
/* End PBXNativeTarget section */

/* Begin PBXProject section */
		06056E5A1ED8265200DFCF79 /* Project object */ = {
			isa = PBXProject;
			attributes = {
				LastUpgradeCheck = 0830;
				ORGANIZATIONNAME = Sysdata;
				TargetAttributes = {
					06056E611ED8265200DFCF79 = {
						CreatedOnToolsVersion = 8.3.2;
						ProvisioningStyle = Automatic;
					};
				};
			};
			buildConfigurationList = 06056E5D1ED8265200DFCF79 /* Build configuration list for PBXProject "ResourceObjCTest" */;
			compatibilityVersion = "Xcode 3.2";
			developmentRegion = English;
			hasScannedForEncodings = 0;
			knownRegions = (
				en,
				Base,
			);
			mainGroup = 06056E591ED8265200DFCF79;
			productRefGroup = 06056E631ED8265200DFCF79 /* Products */;
			projectDirPath = "";
			projectRoot = "";
			targets = (
				06056E611ED8265200DFCF79 /* ResourceObjCTest */,
			);
		};
/* End PBXProject section */

/* Begin PBXResourcesBuildPhase section */
		06056E601ED8265200DFCF79 /* Resources */ = {
			isa = PBXResourcesBuildPhase;
			buildActionMask = 2147483647;
			files = (
				0649BF121ED8851D00A0EF93 /* Localizable.strings in Resources */,
				0617A98F1ED9B85C007ECB92 /* Some.storyboard in Resources */,
				0649BF111ED87FE800A0EF93 /* Localizable.strings in Resources */,
				06056E751ED8265200DFCF79 /* LaunchScreen.storyboard in Resources */,
				06056E7D1ED8298B00DFCF79 /* TestImage@2x.png in Resources */,
				06056E7E1ED829F400DFCF79 /* Assets.xcassets in Resources */,
				0617A9871ED9B204007ECB92 /* theme_default.plist in Resources */,
				06056E701ED8265200DFCF79 /* Main.storyboard in Resources */,
			);
			runOnlyForDeploymentPostprocessing = 0;
		};
/* End PBXResourcesBuildPhase section */

/* Begin PBXSourcesBuildPhase section */
		06056E5E1ED8265200DFCF79 /* Sources */ = {
			isa = PBXSourcesBuildPhase;
			buildActionMask = 2147483647;
			files = (
				0617A9921ED9B87D007ECB92 /* SomeViewController.m in Sources */,
				0617A98D1ED9B819007ECB92 /* NextViewController.m in Sources */,
				0649BF081ED8742A00A0EF93 /* R.m in Sources */,
				06056E6A1ED8265200DFCF79 /* AppDelegate.m in Sources */,
				0649BF0B1ED87EC800A0EF93 /* ViewController.m in Sources */,
				06056E671ED8265200DFCF79 /* main.m in Sources */,
			);
			runOnlyForDeploymentPostprocessing = 0;
		};
/* End PBXSourcesBuildPhase section */

/* Begin PBXVariantGroup section */
		06056E6E1ED8265200DFCF79 /* Main.storyboard */ = {
			isa = PBXVariantGroup;
			children = (
				06056E6F1ED8265200DFCF79 /* Base */,
			);
			name = Main.storyboard;
			sourceTree = "<group>";
		};
		06056E731ED8265200DFCF79 /* LaunchScreen.storyboard */ = {
			isa = PBXVariantGroup;
			children = (
				06056E741ED8265200DFCF79 /* Base */,
			);
			name = LaunchScreen.storyboard;
			sourceTree = "<group>";
		};
		0649BF141ED8851D00A0EF93 /* Localizable.strings */ = {
			isa = PBXVariantGroup;
			children = (
				0649BF131ED8851D00A0EF93 /* Base */,
				0649BF151ED8852000A0EF93 /* en */,
			);
			name = Localizable.strings;
			sourceTree = "<group>";
		};
/* End PBXVariantGroup section */

/* Begin XCBuildConfiguration section */
		06056E771ED8265200DFCF79 /* Debug */ = {
			isa = XCBuildConfiguration;
			buildSettings = {
				ALWAYS_SEARCH_USER_PATHS = NO;
				CLANG_ANALYZER_NONNULL = YES;
				CLANG_ANALYZER_NUMBER_OBJECT_CONVERSION = YES_AGGRESSIVE;
				CLANG_CXX_LANGUAGE_STANDARD = "gnu++0x";
				CLANG_CXX_LIBRARY = "libc++";
				CLANG_ENABLE_MODULES = YES;
				CLANG_ENABLE_OBJC_ARC = YES;
				CLANG_WARN_BOOL_CONVERSION = YES;
				CLANG_WARN_CONSTANT_CONVERSION = YES;
				CLANG_WARN_DIRECT_OBJC_ISA_USAGE = YES_ERROR;
				CLANG_WARN_DOCUMENTATION_COMMENTS = YES;
				CLANG_WARN_EMPTY_BODY = YES;
				CLANG_WARN_ENUM_CONVERSION = YES;
				CLANG_WARN_INFINITE_RECURSION = YES;
				CLANG_WARN_INT_CONVERSION = YES;
				CLANG_WARN_OBJC_ROOT_CLASS = YES_ERROR;
				CLANG_WARN_SUSPICIOUS_MOVE = YES;
				CLANG_WARN_UNREACHABLE_CODE = YES;
				CLANG_WARN__DUPLICATE_METHOD_MATCH = YES;
				"CODE_SIGN_IDENTITY[sdk=iphoneos*]" = "iPhone Developer";
				COPY_PHASE_STRIP = NO;
				DEBUG_INFORMATION_FORMAT = dwarf;
				ENABLE_STRICT_OBJC_MSGSEND = YES;
				ENABLE_TESTABILITY = YES;
				GCC_C_LANGUAGE_STANDARD = gnu99;
				GCC_DYNAMIC_NO_PIC = NO;
				GCC_NO_COMMON_BLOCKS = YES;
				GCC_OPTIMIZATION_LEVEL = 0;
				GCC_PREPROCESSOR_DEFINITIONS = (
					"DEBUG=1",
					"$(inherited)",
				);
				GCC_WARN_64_TO_32_BIT_CONVERSION = YES;
				GCC_WARN_ABOUT_RETURN_TYPE = YES_ERROR;
				GCC_WARN_UNDECLARED_SELECTOR = YES;
				GCC_WARN_UNINITIALIZED_AUTOS = YES_AGGRESSIVE;
				GCC_WARN_UNUSED_FUNCTION = YES;
				GCC_WARN_UNUSED_VARIABLE = YES;
				IPHONEOS_DEPLOYMENT_TARGET = 10.3;
				MTL_ENABLE_DEBUG_INFO = YES;
				ONLY_ACTIVE_ARCH = YES;
				SDKROOT = iphoneos;
				TARGETED_DEVICE_FAMILY = "1,2";
			};
			name = Debug;
		};
		06056E781ED8265200DFCF79 /* Release */ = {
			isa = XCBuildConfiguration;
			buildSettings = {
				ALWAYS_SEARCH_USER_PATHS = NO;
				CLANG_ANALYZER_NONNULL = YES;
				CLANG_ANALYZER_NUMBER_OBJECT_CONVERSION = YES_AGGRESSIVE;
				CLANG_CXX_LANGUAGE_STANDARD = "gnu++0x";
				CLANG_CXX_LIBRARY = "libc++";
				CLANG_ENABLE_MODULES = YES;
				CLANG_ENABLE_OBJC_ARC = YES;
				CLANG_WARN_BOOL_CONVERSION = YES;
				CLANG_WARN_CONSTANT_CONVERSION = YES;
				CLANG_WARN_DIRECT_OBJC_ISA_USAGE = YES_ERROR;
				CLANG_WARN_DOCUMENTATION_COMMENTS = YES;
				CLANG_WARN_EMPTY_BODY = YES;
				CLANG_WARN_ENUM_CONVERSION = YES;
				CLANG_WARN_INFINITE_RECURSION = YES;
				CLANG_WARN_INT_CONVERSION = YES;
				CLANG_WARN_OBJC_ROOT_CLASS = YES_ERROR;
				CLANG_WARN_SUSPICIOUS_MOVE = YES;
				CLANG_WARN_UNREACHABLE_CODE = YES;
				CLANG_WARN__DUPLICATE_METHOD_MATCH = YES;
				"CODE_SIGN_IDENTITY[sdk=iphoneos*]" = "iPhone Developer";
				COPY_PHASE_STRIP = NO;
				DEBUG_INFORMATION_FORMAT = "dwarf-with-dsym";
				ENABLE_NS_ASSERTIONS = NO;
				ENABLE_STRICT_OBJC_MSGSEND = YES;
				GCC_C_LANGUAGE_STANDARD = gnu99;
				GCC_NO_COMMON_BLOCKS = YES;
				GCC_WARN_64_TO_32_BIT_CONVERSION = YES;
				GCC_WARN_ABOUT_RETURN_TYPE = YES_ERROR;
				GCC_WARN_UNDECLARED_SELECTOR = YES;
				GCC_WARN_UNINITIALIZED_AUTOS = YES_AGGRESSIVE;
				GCC_WARN_UNUSED_FUNCTION = YES;
				GCC_WARN_UNUSED_VARIABLE = YES;
				IPHONEOS_DEPLOYMENT_TARGET = 10.3;
				MTL_ENABLE_DEBUG_INFO = NO;
				SDKROOT = iphoneos;
				TARGETED_DEVICE_FAMILY = "1,2";
				VALIDATE_PRODUCT = YES;
			};
			name = Release;
		};
		06056E7A1ED8265200DFCF79 /* Debug */ = {
			isa = XCBuildConfiguration;
			buildSettings = {
				ASSETCATALOG_COMPILER_APPICON_NAME = AppIcon;
				INFOPLIST_FILE = ResourceObjCTest/Info.plist;
				LD_RUNPATH_SEARCH_PATHS = "$(inherited) @executable_path/Frameworks";
				PRODUCT_BUNDLE_IDENTIFIER = com.sysdata.ResourceObjCTest;
				PRODUCT_NAME = "$(TARGET_NAME)";
			};
			name = Debug;
		};
		06056E7B1ED8265200DFCF79 /* Release */ = {
			isa = XCBuildConfiguration;
			buildSettings = {
				ASSETCATALOG_COMPILER_APPICON_NAME = AppIcon;
				INFOPLIST_FILE = ResourceObjCTest/Info.plist;
				LD_RUNPATH_SEARCH_PATHS = "$(inherited) @executable_path/Frameworks";
				PRODUCT_BUNDLE_IDENTIFIER = com.sysdata.ResourceObjCTest;
				PRODUCT_NAME = "$(TARGET_NAME)";
			};
			name = Release;
		};
/* End XCBuildConfiguration section */

/* Begin XCConfigurationList section */
		06056E5D1ED8265200DFCF79 /* Build configuration list for PBXProject "ResourceObjCTest" */ = {
			isa = XCConfigurationList;
			buildConfigurations = (
				06056E771ED8265200DFCF79 /* Debug */,
				06056E781ED8265200DFCF79 /* Release */,
			);
			defaultConfigurationIsVisible = 0;
			defaultConfigurationName = Release;
		};
		06056E791ED8265200DFCF79 /* Build configuration list for PBXNativeTarget "ResourceObjCTest" */ = {
			isa = XCConfigurationList;
			buildConfigurations = (
				06056E7A1ED8265200DFCF79 /* Debug */,
				06056E7B1ED8265200DFCF79 /* Release */,
			);
			defaultConfigurationIsVisible = 0;
			defaultConfigurationName = Release;
		};
/* End XCConfigurationList section */
	};
	rootObject = 06056E5A1ED8265200DFCF79 /* Project object */;
}
