// !$*UTF8*$!
{
	archiveVersion = 1;
	classes = {
	};
	objectVersion = 46;
	objects = {

/* Begin PBXBuildFile section */
		02BE678EB0857B8BA94B0361 /* libPods-ResourceObjC.a in Frameworks */ = {isa = PBXBuildFile; fileRef = F51E8BA7EF7330F748C967A7 /* libPods-ResourceObjC.a */; };
		06056E471ED6ECCE00DFCF79 /* RGenerator.m in Sources */ = {isa = PBXBuildFile; fileRef = 06056E461ED6ECCE00DFCF79 /* RGenerator.m */; };
		06056E581ED7570500DFCF79 /* ImagesGenerator.m in Sources */ = {isa = PBXBuildFile; fileRef = 06056E571ED7570500DFCF79 /* ImagesGenerator.m */; };
		0617A98A1ED9B46A007ECB92 /* StoryboardsGenerator.m in Sources */ = {isa = PBXBuildFile; fileRef = 0617A9891ED9B46A007ECB92 /* StoryboardsGenerator.m */; };
		0673D4E91EDCBFD900880207 /* GeneratedStructures.m in Sources */ = {isa = PBXBuildFile; fileRef = 0673D4E81EDCBFD900880207 /* GeneratedStructures.m */; };
		06803EB11ED5BDEE0006208A /* main.m in Sources */ = {isa = PBXBuildFile; fileRef = 06803EB01ED5BDEE0006208A /* main.m */; };
		06803EBA1ED5C53F0006208A /* ResourceFinder.m in Sources */ = {isa = PBXBuildFile; fileRef = 06803EB91ED5C53F0006208A /* ResourceFinder.m */; };
		06803EC91ED5EC630006208A /* StringsGenerator.m in Sources */ = {isa = PBXBuildFile; fileRef = 06803EC81ED5EC630006208A /* StringsGenerator.m */; };
		06803ECD1ED5EDE20006208A /* BaseGenerator.m in Sources */ = {isa = PBXBuildFile; fileRef = 06803ECC1ED5EDE20006208A /* BaseGenerator.m */; };
		AD8D6EDC1ED77538009CF948 /* FormattedStringParser.m in Sources */ = {isa = PBXBuildFile; fileRef = AD8D6EDB1ED77538009CF948 /* FormattedStringParser.m */; };
		ADD731E01ED8C8A2006B0E51 /* ThemesGenerator.m in Sources */ = {isa = PBXBuildFile; fileRef = ADD731DF1ED8C8A2006B0E51 /* ThemesGenerator.m */; };
		ADDA17951ED6E40700AA0C51 /* Session.m in Sources */ = {isa = PBXBuildFile; fileRef = ADDA17941ED6E40700AA0C51 /* Session.m */; };
		ADDA17981ED6E75700AA0C51 /* CommonUtils.m in Sources */ = {isa = PBXBuildFile; fileRef = ADDA17971ED6E75700AA0C51 /* CommonUtils.m */; };
/* End PBXBuildFile section */

/* Begin PBXCopyFilesBuildPhase section */
		06056E3A1ED6370900DFCF79 /* CopyFiles */ = {
			isa = PBXCopyFilesBuildPhase;
			buildActionMask = 2147483647;
			dstPath = "";
			dstSubfolderSpec = 7;
			files = (
			);
			runOnlyForDeploymentPostprocessing = 0;
		};
		06803EAB1ED5BDED0006208A /* CopyFiles */ = {
			isa = PBXCopyFilesBuildPhase;
			buildActionMask = 2147483647;
			dstPath = /usr/share/man/man1/;
			dstSubfolderSpec = 0;
			files = (
			);
			runOnlyForDeploymentPostprocessing = 1;
		};
/* End PBXCopyFilesBuildPhase section */

/* Begin PBXFileReference section */
		06056E451ED6ECCE00DFCF79 /* RGenerator.h */ = {isa = PBXFileReference; fileEncoding = 4; lastKnownFileType = sourcecode.c.h; path = RGenerator.h; sourceTree = "<group>"; };
		06056E461ED6ECCE00DFCF79 /* RGenerator.m */ = {isa = PBXFileReference; fileEncoding = 4; lastKnownFileType = sourcecode.c.objc; path = RGenerator.m; sourceTree = "<group>"; };
		06056E481ED7091D00DFCF79 /* Placeholders.h */ = {isa = PBXFileReference; lastKnownFileType = sourcecode.c.h; name = Placeholders.h; path = ../Templates/Placeholders.h; sourceTree = "<group>"; };
		06056E561ED7570500DFCF79 /* ImagesGenerator.h */ = {isa = PBXFileReference; fileEncoding = 4; lastKnownFileType = sourcecode.c.h; path = ImagesGenerator.h; sourceTree = "<group>"; };
		06056E571ED7570500DFCF79 /* ImagesGenerator.m */ = {isa = PBXFileReference; fileEncoding = 4; lastKnownFileType = sourcecode.c.objc; path = ImagesGenerator.m; sourceTree = "<group>"; };
		0617A9881ED9B46A007ECB92 /* StoryboardsGenerator.h */ = {isa = PBXFileReference; fileEncoding = 4; lastKnownFileType = sourcecode.c.h; path = StoryboardsGenerator.h; sourceTree = "<group>"; };
		0617A9891ED9B46A007ECB92 /* StoryboardsGenerator.m */ = {isa = PBXFileReference; fileEncoding = 4; lastKnownFileType = sourcecode.c.objc; path = StoryboardsGenerator.m; sourceTree = "<group>"; };
		0673D4E71EDCBFD900880207 /* GeneratedStructures.h */ = {isa = PBXFileReference; fileEncoding = 4; lastKnownFileType = sourcecode.c.h; path = GeneratedStructures.h; sourceTree = "<group>"; };
		0673D4E81EDCBFD900880207 /* GeneratedStructures.m */ = {isa = PBXFileReference; fileEncoding = 4; lastKnownFileType = sourcecode.c.objc; path = GeneratedStructures.m; sourceTree = "<group>"; };
		06803EAD1ED5BDED0006208A /* Robjc */ = {isa = PBXFileReference; explicitFileType = "compiled.mach-o.executable"; includeInIndex = 0; path = Robjc; sourceTree = BUILT_PRODUCTS_DIR; };
		06803EB01ED5BDEE0006208A /* main.m */ = {isa = PBXFileReference; lastKnownFileType = sourcecode.c.objc; path = main.m; sourceTree = "<group>"; };
		06803EB81ED5C53F0006208A /* ResourceFinder.h */ = {isa = PBXFileReference; fileEncoding = 4; lastKnownFileType = sourcecode.c.h; path = ResourceFinder.h; sourceTree = "<group>"; };
		06803EB91ED5C53F0006208A /* ResourceFinder.m */ = {isa = PBXFileReference; fileEncoding = 4; lastKnownFileType = sourcecode.c.objc; path = ResourceFinder.m; sourceTree = "<group>"; };
		06803EC71ED5EC630006208A /* StringsGenerator.h */ = {isa = PBXFileReference; fileEncoding = 4; lastKnownFileType = sourcecode.c.h; path = StringsGenerator.h; sourceTree = "<group>"; };
		06803EC81ED5EC630006208A /* StringsGenerator.m */ = {isa = PBXFileReference; fileEncoding = 4; lastKnownFileType = sourcecode.c.objc; path = StringsGenerator.m; sourceTree = "<group>"; };
		06803ECB1ED5EDE20006208A /* BaseGenerator.h */ = {isa = PBXFileReference; fileEncoding = 4; lastKnownFileType = sourcecode.c.h; path = BaseGenerator.h; sourceTree = "<group>"; };
		06803ECC1ED5EDE20006208A /* BaseGenerator.m */ = {isa = PBXFileReference; fileEncoding = 4; lastKnownFileType = sourcecode.c.objc; path = BaseGenerator.m; sourceTree = "<group>"; };
		AD8D6EDA1ED77538009CF948 /* FormattedStringParser.h */ = {isa = PBXFileReference; fileEncoding = 4; lastKnownFileType = sourcecode.c.h; path = FormattedStringParser.h; sourceTree = "<group>"; };
		AD8D6EDB1ED77538009CF948 /* FormattedStringParser.m */ = {isa = PBXFileReference; fileEncoding = 4; lastKnownFileType = sourcecode.c.objc; path = FormattedStringParser.m; sourceTree = "<group>"; };
		ADD731DE1ED8C8A2006B0E51 /* ThemesGenerator.h */ = {isa = PBXFileReference; fileEncoding = 4; lastKnownFileType = sourcecode.c.h; path = ThemesGenerator.h; sourceTree = "<group>"; };
		ADD731DF1ED8C8A2006B0E51 /* ThemesGenerator.m */ = {isa = PBXFileReference; fileEncoding = 4; lastKnownFileType = sourcecode.c.objc; path = ThemesGenerator.m; sourceTree = "<group>"; };
		ADDA17931ED6E40700AA0C51 /* Session.h */ = {isa = PBXFileReference; fileEncoding = 4; lastKnownFileType = sourcecode.c.h; path = Session.h; sourceTree = "<group>"; };
		ADDA17941ED6E40700AA0C51 /* Session.m */ = {isa = PBXFileReference; fileEncoding = 4; lastKnownFileType = sourcecode.c.objc; path = Session.m; sourceTree = "<group>"; };
		ADDA17961ED6E75700AA0C51 /* CommonUtils.h */ = {isa = PBXFileReference; fileEncoding = 4; lastKnownFileType = sourcecode.c.h; path = CommonUtils.h; sourceTree = "<group>"; };
		ADDA17971ED6E75700AA0C51 /* CommonUtils.m */ = {isa = PBXFileReference; fileEncoding = 4; lastKnownFileType = sourcecode.c.objc; path = CommonUtils.m; sourceTree = "<group>"; };
		C298C1365183C87C393CACEA /* Pods-ResourceObjC.release.xcconfig */ = {isa = PBXFileReference; includeInIndex = 1; lastKnownFileType = text.xcconfig; name = "Pods-ResourceObjC.release.xcconfig"; path = "Pods/Target Support Files/Pods-ResourceObjC/Pods-ResourceObjC.release.xcconfig"; sourceTree = "<group>"; };
		C397F7C56DCE356324C20EF9 /* Pods-ResourceObjC.debug.xcconfig */ = {isa = PBXFileReference; includeInIndex = 1; lastKnownFileType = text.xcconfig; name = "Pods-ResourceObjC.debug.xcconfig"; path = "Pods/Target Support Files/Pods-ResourceObjC/Pods-ResourceObjC.debug.xcconfig"; sourceTree = "<group>"; };
		F51E8BA7EF7330F748C967A7 /* libPods-ResourceObjC.a */ = {isa = PBXFileReference; explicitFileType = archive.ar; includeInIndex = 0; path = "libPods-ResourceObjC.a"; sourceTree = BUILT_PRODUCTS_DIR; };
/* End PBXFileReference section */

/* Begin PBXFrameworksBuildPhase section */
		06803EAA1ED5BDED0006208A /* Frameworks */ = {
			isa = PBXFrameworksBuildPhase;
			buildActionMask = 2147483647;
			files = (
				02BE678EB0857B8BA94B0361 /* libPods-ResourceObjC.a in Frameworks */,
			);
			runOnlyForDeploymentPostprocessing = 0;
		};
/* End PBXFrameworksBuildPhase section */

/* Begin PBXGroup section */
		06803EA41ED5BDED0006208A = {
			isa = PBXGroup;
			children = (
				06803EAF1ED5BDEE0006208A /* ResourceObjC */,
				06803EAE1ED5BDED0006208A /* Products */,
				9DA791F98F13E3B29BB48D9C /* Pods */,
				D9119D18AF3F35DB1740016F /* Frameworks */,
			);
			sourceTree = "<group>";
		};
		06803EAE1ED5BDED0006208A /* Products */ = {
			isa = PBXGroup;
			children = (
				06803EAD1ED5BDED0006208A /* Robjc */,
			);
			name = Products;
			sourceTree = "<group>";
		};
		06803EAF1ED5BDEE0006208A /* ResourceObjC */ = {
			isa = PBXGroup;
			children = (
				06803EB01ED5BDEE0006208A /* main.m */,
				06803EB71ED5C3CA0006208A /* Sources */,
			);
			path = ResourceObjC;
			sourceTree = "<group>";
		};
		06803EB71ED5C3CA0006208A /* Sources */ = {
			isa = PBXGroup;
			children = (
				ADDA17921ED6E3EE00AA0C51 /* Utils */,
				06056E481ED7091D00DFCF79 /* Placeholders.h */,
				06803EB81ED5C53F0006208A /* ResourceFinder.h */,
				06803EB91ED5C53F0006208A /* ResourceFinder.m */,
				06803ECB1ED5EDE20006208A /* BaseGenerator.h */,
				06803ECC1ED5EDE20006208A /* BaseGenerator.m */,
				06056E451ED6ECCE00DFCF79 /* RGenerator.h */,
				06056E461ED6ECCE00DFCF79 /* RGenerator.m */,
				06803EC71ED5EC630006208A /* StringsGenerator.h */,
				06803EC81ED5EC630006208A /* StringsGenerator.m */,
				06056E561ED7570500DFCF79 /* ImagesGenerator.h */,
				06056E571ED7570500DFCF79 /* ImagesGenerator.m */,
				ADD731DE1ED8C8A2006B0E51 /* ThemesGenerator.h */,
				ADD731DF1ED8C8A2006B0E51 /* ThemesGenerator.m */,
				0617A9881ED9B46A007ECB92 /* StoryboardsGenerator.h */,
				0617A9891ED9B46A007ECB92 /* StoryboardsGenerator.m */,
				0673D4E71EDCBFD900880207 /* GeneratedStructures.h */,
				0673D4E81EDCBFD900880207 /* GeneratedStructures.m */,
			);
			path = Sources;
			sourceTree = "<group>";
		};
		9DA791F98F13E3B29BB48D9C /* Pods */ = {
			isa = PBXGroup;
			children = (
				C397F7C56DCE356324C20EF9 /* Pods-ResourceObjC.debug.xcconfig */,
				C298C1365183C87C393CACEA /* Pods-ResourceObjC.release.xcconfig */,
			);
			name = Pods;
			sourceTree = "<group>";
		};
		ADDA17921ED6E3EE00AA0C51 /* Utils */ = {
			isa = PBXGroup;
			children = (
				AD8D6EDA1ED77538009CF948 /* FormattedStringParser.h */,
				AD8D6EDB1ED77538009CF948 /* FormattedStringParser.m */,
				ADDA17931ED6E40700AA0C51 /* Session.h */,
				ADDA17941ED6E40700AA0C51 /* Session.m */,
				ADDA17961ED6E75700AA0C51 /* CommonUtils.h */,
				ADDA17971ED6E75700AA0C51 /* CommonUtils.m */,
			);
			name = Utils;
			sourceTree = "<group>";
		};
		D9119D18AF3F35DB1740016F /* Frameworks */ = {
			isa = PBXGroup;
			children = (
				F51E8BA7EF7330F748C967A7 /* libPods-ResourceObjC.a */,
			);
			name = Frameworks;
			sourceTree = "<group>";
		};
/* End PBXGroup section */

/* Begin PBXNativeTarget section */
		06803EAC1ED5BDED0006208A /* ResourceObjC */ = {
			isa = PBXNativeTarget;
			buildConfigurationList = 06803EB41ED5BDEE0006208A /* Build configuration list for PBXNativeTarget "ResourceObjC" */;
			buildPhases = (
				E9072FBF0519547AF83D11C0 /* [CP] Check Pods Manifest.lock */,
				06803EA91ED5BDED0006208A /* Sources */,
				06803EAA1ED5BDED0006208A /* Frameworks */,
				06803EAB1ED5BDED0006208A /* CopyFiles */,
				06056E3A1ED6370900DFCF79 /* CopyFiles */,
				1D7FD1387FA1E9A2978866D5 /* [CP] Copy Pods Resources */,
			);
			buildRules = (
			);
			dependencies = (
			);
			name = ResourceObjC;
			productName = ResourceObjC;
			productReference = 06803EAD1ED5BDED0006208A /* Robjc */;
			productType = "com.apple.product-type.tool";
		};
/* End PBXNativeTarget section */

/* Begin PBXProject section */
		06803EA51ED5BDED0006208A /* Project object */ = {
			isa = PBXProject;
			attributes = {
				LastUpgradeCheck = 0830;
				ORGANIZATIONNAME = Sysdata;
				TargetAttributes = {
					06803EAC1ED5BDED0006208A = {
						CreatedOnToolsVersion = 8.3.2;
						ProvisioningStyle = Automatic;
					};
				};
			};
			buildConfigurationList = 06803EA81ED5BDED0006208A /* Build configuration list for PBXProject "ResourceObjC" */;
			compatibilityVersion = "Xcode 3.2";
			developmentRegion = English;
			hasScannedForEncodings = 0;
			knownRegions = (
				en,
			);
			mainGroup = 06803EA41ED5BDED0006208A;
			productRefGroup = 06803EAE1ED5BDED0006208A /* Products */;
			projectDirPath = "";
			projectRoot = "";
			targets = (
				06803EAC1ED5BDED0006208A /* ResourceObjC */,
			);
		};
/* End PBXProject section */

/* Begin PBXShellScriptBuildPhase section */
		1D7FD1387FA1E9A2978866D5 /* [CP] Copy Pods Resources */ = {
			isa = PBXShellScriptBuildPhase;
			buildActionMask = 2147483647;
			files = (
			);
			inputPaths = (
			);
			name = "[CP] Copy Pods Resources";
			outputPaths = (
			);
			runOnlyForDeploymentPostprocessing = 0;
			shellPath = /bin/sh;
			shellScript = "\"${SRCROOT}/Pods/Target Support Files/Pods-ResourceObjC/Pods-ResourceObjC-resources.sh\"\n";
			showEnvVarsInLog = 0;
		};
		E9072FBF0519547AF83D11C0 /* [CP] Check Pods Manifest.lock */ = {
			isa = PBXShellScriptBuildPhase;
			buildActionMask = 2147483647;
			files = (
			);
			inputPaths = (
			);
			name = "[CP] Check Pods Manifest.lock";
			outputPaths = (
			);
			runOnlyForDeploymentPostprocessing = 0;
			shellPath = /bin/sh;
			shellScript = "diff \"${PODS_PODFILE_DIR_PATH}/Podfile.lock\" \"${PODS_ROOT}/Manifest.lock\" > /dev/null\nif [ $? != 0 ] ; then\n    # print error to STDERR\n    echo \"error: The sandbox is not in sync with the Podfile.lock. Run 'pod install' or update your CocoaPods installation.\" >&2\n    exit 1\nfi\n";
			showEnvVarsInLog = 0;
		};
/* End PBXShellScriptBuildPhase section */

/* Begin PBXSourcesBuildPhase section */
		06803EA91ED5BDED0006208A /* Sources */ = {
			isa = PBXSourcesBuildPhase;
			buildActionMask = 2147483647;
			files = (
				0617A98A1ED9B46A007ECB92 /* StoryboardsGenerator.m in Sources */,
				06803ECD1ED5EDE20006208A /* BaseGenerator.m in Sources */,
				06056E471ED6ECCE00DFCF79 /* RGenerator.m in Sources */,
				0673D4E91EDCBFD900880207 /* GeneratedStructures.m in Sources */,
				ADDA17951ED6E40700AA0C51 /* Session.m in Sources */,
				06803EB11ED5BDEE0006208A /* main.m in Sources */,
				06803EC91ED5EC630006208A /* StringsGenerator.m in Sources */,
				ADDA17981ED6E75700AA0C51 /* CommonUtils.m in Sources */,
				06056E581ED7570500DFCF79 /* ImagesGenerator.m in Sources */,
				06803EBA1ED5C53F0006208A /* ResourceFinder.m in Sources */,
				AD8D6EDC1ED77538009CF948 /* FormattedStringParser.m in Sources */,
				ADD731E01ED8C8A2006B0E51 /* ThemesGenerator.m in Sources */,
			);
			runOnlyForDeploymentPostprocessing = 0;
		};
/* End PBXSourcesBuildPhase section */

/* Begin XCBuildConfiguration section */
		06803EB21ED5BDEE0006208A /* Debug */ = {
			isa = XCBuildConfiguration;
			buildSettings = {
				ALWAYS_SEARCH_USER_PATHS = NO;
				CLANG_ANALYZER_NONNULL = YES;
				CLANG_ANALYZER_NUMBER_OBJECT_CONVERSION = YES_AGGRESSIVE;
				CLANG_CXX_LANGUAGE_STANDARD = "gnu++0x";
				CLANG_CXX_LIBRARY = "libc++";
				CLANG_ENABLE_MODULES = YES;
				CLANG_ENABLE_OBJC_ARC = YES;
				CLANG_WARN_BOOL_CONVERSION = YES;
				CLANG_WARN_CONSTANT_CONVERSION = YES;
				CLANG_WARN_DIRECT_OBJC_ISA_USAGE = YES_ERROR;
				CLANG_WARN_DOCUMENTATION_COMMENTS = YES;
				CLANG_WARN_EMPTY_BODY = YES;
				CLANG_WARN_ENUM_CONVERSION = YES;
				CLANG_WARN_INFINITE_RECURSION = YES;
				CLANG_WARN_INT_CONVERSION = YES;
				CLANG_WARN_OBJC_ROOT_CLASS = YES_ERROR;
				CLANG_WARN_SUSPICIOUS_MOVE = YES;
				CLANG_WARN_UNREACHABLE_CODE = YES;
				CLANG_WARN__DUPLICATE_METHOD_MATCH = YES;
				CODE_SIGN_IDENTITY = "-";
				COPY_PHASE_STRIP = NO;
				DEBUG_INFORMATION_FORMAT = dwarf;
				ENABLE_STRICT_OBJC_MSGSEND = YES;
				ENABLE_TESTABILITY = YES;
				GCC_C_LANGUAGE_STANDARD = gnu99;
				GCC_DYNAMIC_NO_PIC = NO;
				GCC_NO_COMMON_BLOCKS = YES;
				GCC_OPTIMIZATION_LEVEL = 0;
				GCC_PREPROCESSOR_DEFINITIONS = (
					"DEBUG=1",
					"$(inherited)",
				);
				GCC_WARN_64_TO_32_BIT_CONVERSION = YES;
				GCC_WARN_ABOUT_RETURN_TYPE = YES_ERROR;
				GCC_WARN_UNDECLARED_SELECTOR = YES;
				GCC_WARN_UNINITIALIZED_AUTOS = YES_AGGRESSIVE;
				GCC_WARN_UNUSED_FUNCTION = YES;
				GCC_WARN_UNUSED_VARIABLE = YES;
				MACOSX_DEPLOYMENT_TARGET = 10.12;
				MTL_ENABLE_DEBUG_INFO = YES;
				ONLY_ACTIVE_ARCH = YES;
				SDKROOT = macosx;
			};
			name = Debug;
		};
		06803EB31ED5BDEE0006208A /* Release */ = {
			isa = XCBuildConfiguration;
			buildSettings = {
				ALWAYS_SEARCH_USER_PATHS = NO;
				CLANG_ANALYZER_NONNULL = YES;
				CLANG_ANALYZER_NUMBER_OBJECT_CONVERSION = YES_AGGRESSIVE;
				CLANG_CXX_LANGUAGE_STANDARD = "gnu++0x";
				CLANG_CXX_LIBRARY = "libc++";
				CLANG_ENABLE_MODULES = YES;
				CLANG_ENABLE_OBJC_ARC = YES;
				CLANG_WARN_BOOL_CONVERSION = YES;
				CLANG_WARN_CONSTANT_CONVERSION = YES;
				CLANG_WARN_DIRECT_OBJC_ISA_USAGE = YES_ERROR;
				CLANG_WARN_DOCUMENTATION_COMMENTS = YES;
				CLANG_WARN_EMPTY_BODY = YES;
				CLANG_WARN_ENUM_CONVERSION = YES;
				CLANG_WARN_INFINITE_RECURSION = YES;
				CLANG_WARN_INT_CONVERSION = YES;
				CLANG_WARN_OBJC_ROOT_CLASS = YES_ERROR;
				CLANG_WARN_SUSPICIOUS_MOVE = YES;
				CLANG_WARN_UNREACHABLE_CODE = YES;
				CLANG_WARN__DUPLICATE_METHOD_MATCH = YES;
				CODE_SIGN_IDENTITY = "-";
				COPY_PHASE_STRIP = NO;
				DEBUG_INFORMATION_FORMAT = "dwarf-with-dsym";
				ENABLE_NS_ASSERTIONS = NO;
				ENABLE_STRICT_OBJC_MSGSEND = YES;
				GCC_C_LANGUAGE_STANDARD = gnu99;
				GCC_NO_COMMON_BLOCKS = YES;
				GCC_WARN_64_TO_32_BIT_CONVERSION = YES;
				GCC_WARN_ABOUT_RETURN_TYPE = YES_ERROR;
				GCC_WARN_UNDECLARED_SELECTOR = YES;
				GCC_WARN_UNINITIALIZED_AUTOS = YES_AGGRESSIVE;
				GCC_WARN_UNUSED_FUNCTION = YES;
				GCC_WARN_UNUSED_VARIABLE = YES;
				MACOSX_DEPLOYMENT_TARGET = 10.12;
				MTL_ENABLE_DEBUG_INFO = NO;
				SDKROOT = macosx;
			};
			name = Release;
		};
		06803EB51ED5BDEE0006208A /* Debug */ = {
			isa = XCBuildConfiguration;
			baseConfigurationReference = C397F7C56DCE356324C20EF9 /* Pods-ResourceObjC.debug.xcconfig */;
			buildSettings = {
				PRODUCT_NAME = Robjc;
			};
			name = Debug;
		};
		06803EB61ED5BDEE0006208A /* Release */ = {
			isa = XCBuildConfiguration;
			baseConfigurationReference = C298C1365183C87C393CACEA /* Pods-ResourceObjC.release.xcconfig */;
			buildSettings = {
				PRODUCT_NAME = Robjc;
			};
			name = Release;
		};
/* End XCBuildConfiguration section */

/* Begin XCConfigurationList section */
		06803EA81ED5BDED0006208A /* Build configuration list for PBXProject "ResourceObjC" */ = {
			isa = XCConfigurationList;
			buildConfigurations = (
				06803EB21ED5BDEE0006208A /* Debug */,
				06803EB31ED5BDEE0006208A /* Release */,
			);
			defaultConfigurationIsVisible = 0;
			defaultConfigurationName = Release;
		};
		06803EB41ED5BDEE0006208A /* Build configuration list for PBXNativeTarget "ResourceObjC" */ = {
			isa = XCConfigurationList;
			buildConfigurations = (
				06803EB51ED5BDEE0006208A /* Debug */,
				06803EB61ED5BDEE0006208A /* Release */,
			);
			defaultConfigurationIsVisible = 0;
			defaultConfigurationName = Release;
		};
/* End XCConfigurationList section */
	};
	rootObject = 06803EA51ED5BDED0006208A /* Project object */;
}
